
Microsoft Visual Studio Solution File, Format Version 12.00
# Visual Studio Version 17
VisualStudioVersion = 17.7.34003.232
MinimumVisualStudioVersion = 10.0.40219.1
Project("{9A19103F-16F7-4668-BE54-9A1E7A4F7556}") = "CSharpCodeReview1", "CSharpCodeReview1\CSharpCodeReview1.csproj", "{09944B34-D216-4C74-A4A0-995033236041}"
EndProject
Project("{9A19103F-16F7-4668-BE54-9A1E7A4F7556}") = "CSharpCodeReview1.Domain", "CSharpCodeReview1.Domain\CSharpCodeReview1.Domain.csproj", "{280D320C-A7DD-4DAA-9D53-468C50558A2C}"
EndProject
Project("{9A19103F-16F7-4668-BE54-9A1E7A4F7556}") = "CSharpCodeReview1.Domain.Models", "CSharpCodeReview1.Domain.Models\CSharpCodeReview1.Domain.Models.csproj", "{C45223D1-79B8-4FED-AEA1-672A72638F69}"
EndProject
Project("{2150E333-8FDC-42A3-9474-1A3956D46DE8}") = "Application", "Application", "{D51ABD68-4FA2-4CDE-A7A5-801B6D1DD79A}"
EndProject
Project("{2150E333-8FDC-42A3-9474-1A3956D46DE8}") = "Domain", "Domain", "{B3C44EDD-1A81-403F-9D0E-5A38753F5F4B}"
EndProject
Project("{2150E333-8FDC-42A3-9474-1A3956D46DE8}") = "Infrastructure", "Infrastructure", "{FD0C8C65-DD14-4D74-9E3E-2494A2A19736}"
EndProject
Project("{FAE04EC0-301F-11D3-BF4B-00C04F79EFBC}") = "CSharpCodeReview1.Infrastructure.DataAccess", "CSharpCodeReview1.Infrastructure.DataAccess\CSharpCodeReview1.Infrastructure.DataAccess.csproj", "{E91502F4-4E23-452C-946C-D8BE00C05195}"
EndProject
Global
	GlobalSection(SolutionConfigurationPlatforms) = preSolution
		Debug|Any CPU = Debug|Any CPU
		Release|Any CPU = Release|Any CPU
	EndGlobalSection
	GlobalSection(ProjectConfigurationPlatforms) = postSolution
		{09944B34-D216-4C74-A4A0-995033236041}.Debug|Any CPU.ActiveCfg = Debug|Any CPU
		{09944B34-D216-4C74-A4A0-995033236041}.Debug|Any CPU.Build.0 = Debug|Any CPU
		{09944B34-D216-4C74-A4A0-995033236041}.Release|Any CPU.ActiveCfg = Release|Any CPU
		{09944B34-D216-4C74-A4A0-995033236041}.Release|Any CPU.Build.0 = Release|Any CPU
		{280D320C-A7DD-4DAA-9D53-468C50558A2C}.Debug|Any CPU.ActiveCfg = Debug|Any CPU
		{280D320C-A7DD-4DAA-9D53-468C50558A2C}.Debug|Any CPU.Build.0 = Debug|Any CPU
		{280D320C-A7DD-4DAA-9D53-468C50558A2C}.Release|Any CPU.ActiveCfg = Release|Any CPU
		{280D320C-A7DD-4DAA-9D53-468C50558A2C}.Release|Any CPU.Build.0 = Release|Any CPU
		{C45223D1-79B8-4FED-AEA1-672A72638F69}.Debug|Any CPU.ActiveCfg = Debug|Any CPU
		{C45223D1-79B8-4FED-AEA1-672A72638F69}.Debug|Any CPU.Build.0 = Debug|Any CPU
		{C45223D1-79B8-4FED-AEA1-672A72638F69}.Release|Any CPU.ActiveCfg = Release|Any CPU
		{C45223D1-79B8-4FED-AEA1-672A72638F69}.Release|Any CPU.Build.0 = Release|Any CPU
		{E91502F4-4E23-452C-946C-D8BE00C05195}.Debug|Any CPU.ActiveCfg = Debug|Any CPU
		{E91502F4-4E23-452C-946C-D8BE00C05195}.Debug|Any CPU.Build.0 = Debug|Any CPU
		{E91502F4-4E23-452C-946C-D8BE00C05195}.Release|Any CPU.ActiveCfg = Release|Any CPU
		{E91502F4-4E23-452C-946C-D8BE00C05195}.Release|Any CPU.Build.0 = Release|Any CPU
	EndGlobalSection
	GlobalSection(SolutionProperties) = preSolution
		HideSolutionNode = FALSE
	EndGlobalSection
	GlobalSection(NestedProjects) = preSolution
		{09944B34-D216-4C74-A4A0-995033236041} = {D51ABD68-4FA2-4CDE-A7A5-801B6D1DD79A}
		{280D320C-A7DD-4DAA-9D53-468C50558A2C} = {B3C44EDD-1A81-403F-9D0E-5A38753F5F4B}
		{C45223D1-79B8-4FED-AEA1-672A72638F69} = {B3C44EDD-1A81-403F-9D0E-5A38753F5F4B}
		{E91502F4-4E23-452C-946C-D8BE00C05195} = {FD0C8C65-DD14-4D74-9E3E-2494A2A19736}
	EndGlobalSection
	GlobalSection(ExtensibilityGlobals) = postSolution
		SolutionGuid = {B501C1EE-0FBC-450A-9646-62F2AC21E06F}
	EndGlobalSection
EndGlobal
